
Microsoft Visual Studio Solution File, Format Version 11.00
# Visual Studio 2010
Project("{F184B08F-C81C-45F6-A57F-5ABD9991F28F}") = "Forrajeria", "Forrajeria\Forrajeria.vbproj", "{CB57DE04-56F8-420B-A7E2-F9CC3BD82FEC}"
EndProject
Project("{F184B08F-C81C-45F6-A57F-5ABD9991F28F}") = "Forrajeria_AD", "Forrajeria_AD\Forrajeria_AD.vbproj", "{9ED78E01-E6C3-4910-83BB-70B990581A5D}"
EndProject
Project("{F184B08F-C81C-45F6-A57F-5ABD9991F28F}") = "Forrajeria_WEB", "Forrajeria_WEB\Forrajeria_WEB.vbproj", "{07DA10FA-05B9-40CD-8B5D-EAE5295F6AFE}"
EndProject
Global
	GlobalSection(SolutionConfigurationPlatforms) = preSolution
		Debug|Any CPU = Debug|Any CPU
		Debug|Mixed Platforms = Debug|Mixed Platforms
		Debug|x86 = Debug|x86
		Release|Any CPU = Release|Any CPU
		Release|Mixed Platforms = Release|Mixed Platforms
		Release|x86 = Release|x86
	EndGlobalSection
	GlobalSection(ProjectConfigurationPlatforms) = postSolution
		{CB57DE04-56F8-420B-A7E2-F9CC3BD82FEC}.Debug|Any CPU.ActiveCfg = Debug|x86
		{CB57DE04-56F8-420B-A7E2-F9CC3BD82FEC}.Debug|Mixed Platforms.ActiveCfg = Debug|x86
		{CB57DE04-56F8-420B-A7E2-F9CC3BD82FEC}.Debug|Mixed Platforms.Build.0 = Debug|x86
		{CB57DE04-56F8-420B-A7E2-F9CC3BD82FEC}.Debug|x86.ActiveCfg = Debug|x86
		{CB57DE04-56F8-420B-A7E2-F9CC3BD82FEC}.Debug|x86.Build.0 = Debug|x86
		{CB57DE04-56F8-420B-A7E2-F9CC3BD82FEC}.Release|Any CPU.ActiveCfg = Release|x86
		{CB57DE04-56F8-420B-A7E2-F9CC3BD82FEC}.Release|Mixed Platforms.ActiveCfg = Release|x86
		{CB57DE04-56F8-420B-A7E2-F9CC3BD82FEC}.Release|Mixed Platforms.Build.0 = Release|x86
		{CB57DE04-56F8-420B-A7E2-F9CC3BD82FEC}.Release|x86.ActiveCfg = Release|x86
		{CB57DE04-56F8-420B-A7E2-F9CC3BD82FEC}.Release|x86.Build.0 = Release|x86
		{9ED78E01-E6C3-4910-83BB-70B990581A5D}.Debug|Any CPU.ActiveCfg = Debug|Any CPU
		{9ED78E01-E6C3-4910-83BB-70B990581A5D}.Debug|Any CPU.Build.0 = Debug|Any CPU
		{9ED78E01-E6C3-4910-83BB-70B990581A5D}.Debug|Mixed Platforms.ActiveCfg = Debug|Any CPU
		{9ED78E01-E6C3-4910-83BB-70B990581A5D}.Debug|Mixed Platforms.Build.0 = Debug|Any CPU
		{9ED78E01-E6C3-4910-83BB-70B990581A5D}.Debug|x86.ActiveCfg = Debug|Any CPU
		{9ED78E01-E6C3-4910-83BB-70B990581A5D}.Release|Any CPU.ActiveCfg = Release|Any CPU
		{9ED78E01-E6C3-4910-83BB-70B990581A5D}.Release|Any CPU.Build.0 = Release|Any CPU
		{9ED78E01-E6C3-4910-83BB-70B990581A5D}.Release|Mixed Platforms.ActiveCfg = Release|Any CPU
		{9ED78E01-E6C3-4910-83BB-70B990581A5D}.Release|Mixed Platforms.Build.0 = Release|Any CPU
		{9ED78E01-E6C3-4910-83BB-70B990581A5D}.Release|x86.ActiveCfg = Release|Any CPU
		{07DA10FA-05B9-40CD-8B5D-EAE5295F6AFE}.Debug|Any CPU.ActiveCfg = Debug|Any CPU
		{07DA10FA-05B9-40CD-8B5D-EAE5295F6AFE}.Debug|Any CPU.Build.0 = Debug|Any CPU
		{07DA10FA-05B9-40CD-8B5D-EAE5295F6AFE}.Debug|Mixed Platforms.ActiveCfg = Debug|Any CPU
		{07DA10FA-05B9-40CD-8B5D-EAE5295F6AFE}.Debug|Mixed Platforms.Build.0 = Debug|Any CPU
		{07DA10FA-05B9-40CD-8B5D-EAE5295F6AFE}.Debug|x86.ActiveCfg = Debug|Any CPU
		{07DA10FA-05B9-40CD-8B5D-EAE5295F6AFE}.Release|Any CPU.ActiveCfg = Release|Any CPU
		{07DA10FA-05B9-40CD-8B5D-EAE5295F6AFE}.Release|Any CPU.Build.0 = Release|Any CPU
		{07DA10FA-05B9-40CD-8B5D-EAE5295F6AFE}.Release|Mixed Platforms.ActiveCfg = Release|Any CPU
		{07DA10FA-05B9-40CD-8B5D-EAE5295F6AFE}.Release|Mixed Platforms.Build.0 = Release|Any CPU
		{07DA10FA-05B9-40CD-8B5D-EAE5295F6AFE}.Release|x86.ActiveCfg = Release|Any CPU
	EndGlobalSection
	GlobalSection(SolutionProperties) = preSolution
		HideSolutionNode = FALSE
	EndGlobalSection
EndGlobal
